
Microsoft Visual Studio Solution File, Format Version 12.00
# Visual Studio Version 17
VisualStudioVersion = 17.2.32630.192
MinimumVisualStudioVersion = 10.0.40219.1
Project("{FAE04EC0-301F-11D3-BF4B-00C04F79EFBC}") = "SampleApp.Android", "SampleApp\SampleApp.Android\SampleApp.Android.csproj", "{8119A856-318B-4538-8C22-9253F2CAF022}"
EndProject
Project("{9A19103F-16F7-4668-BE54-9A1E7A4F7556}") = "SampleApp", "SampleApp\SampleApp\SampleApp.csproj", "{523A1F64-9A78-4746-82F1-0F03FBAD159C}"
EndProject
Global
	GlobalSection(SolutionConfigurationPlatforms) = preSolution
		Debug|Any CPU = Debug|Any CPU
		Debug|iPhone = Debug|iPhone
		Debug|iPhoneSimulator = Debug|iPhoneSimulator
		Release|Any CPU = Release|Any CPU
		Release|iPhone = Release|iPhone
		Release|iPhoneSimulator = Release|iPhoneSimulator
	EndGlobalSection
	GlobalSection(ProjectConfigurationPlatforms) = postSolution
		{8119A856-318B-4538-8C22-9253F2CAF022}.Debug|Any CPU.ActiveCfg = Debug|Any CPU
		{8119A856-318B-4538-8C22-9253F2CAF022}.Debug|Any CPU.Build.0 = Debug|Any CPU
		{8119A856-318B-4538-8C22-9253F2CAF022}.Debug|Any CPU.Deploy.0 = Debug|Any CPU
		{8119A856-318B-4538-8C22-9253F2CAF022}.Debug|iPhone.ActiveCfg = Debug|Any CPU
		{8119A856-318B-4538-8C22-9253F2CAF022}.Debug|iPhone.Build.0 = Debug|Any CPU
		{8119A856-318B-4538-8C22-9253F2CAF022}.Debug|iPhone.Deploy.0 = Debug|Any CPU
		{8119A856-318B-4538-8C22-9253F2CAF022}.Debug|iPhoneSimulator.ActiveCfg = Debug|Any CPU
		{8119A856-318B-4538-8C22-9253F2CAF022}.Debug|iPhoneSimulator.Build.0 = Debug|Any CPU
		{8119A856-318B-4538-8C22-9253F2CAF022}.Debug|iPhoneSimulator.Deploy.0 = Debug|Any CPU
		{8119A856-318B-4538-8C22-9253F2CAF022}.Release|Any CPU.ActiveCfg = Release|Any CPU
		{8119A856-318B-4538-8C22-9253F2CAF022}.Release|Any CPU.Build.0 = Release|Any CPU
		{8119A856-318B-4538-8C22-9253F2CAF022}.Release|Any CPU.Deploy.0 = Release|Any CPU
		{8119A856-318B-4538-8C22-9253F2CAF022}.Release|iPhone.ActiveCfg = Release|Any CPU
		{8119A856-318B-4538-8C22-9253F2CAF022}.Release|iPhone.Build.0 = Release|Any CPU
		{8119A856-318B-4538-8C22-9253F2CAF022}.Release|iPhone.Deploy.0 = Release|Any CPU
		{8119A856-318B-4538-8C22-9253F2CAF022}.Release|iPhoneSimulator.ActiveCfg = Release|Any CPU
		{8119A856-318B-4538-8C22-9253F2CAF022}.Release|iPhoneSimulator.Build.0 = Release|Any CPU
		{8119A856-318B-4538-8C22-9253F2CAF022}.Release|iPhoneSimulator.Deploy.0 = Release|Any CPU
		{523A1F64-9A78-4746-82F1-0F03FBAD159C}.Debug|Any CPU.ActiveCfg = Debug|Any CPU
		{523A1F64-9A78-4746-82F1-0F03FBAD159C}.Debug|Any CPU.Build.0 = Debug|Any CPU
		{523A1F64-9A78-4746-82F1-0F03FBAD159C}.Debug|Any CPU.Deploy.0 = Debug|Any CPU
		{523A1F64-9A78-4746-82F1-0F03FBAD159C}.Debug|iPhone.ActiveCfg = Debug|Any CPU
		{523A1F64-9A78-4746-82F1-0F03FBAD159C}.Debug|iPhone.Build.0 = Debug|Any CPU
		{523A1F64-9A78-4746-82F1-0F03FBAD159C}.Debug|iPhone.Deploy.0 = Debug|Any CPU
		{523A1F64-9A78-4746-82F1-0F03FBAD159C}.Debug|iPhoneSimulator.ActiveCfg = Debug|Any CPU
		{523A1F64-9A78-4746-82F1-0F03FBAD159C}.Debug|iPhoneSimulator.Build.0 = Debug|Any CPU
		{523A1F64-9A78-4746-82F1-0F03FBAD159C}.Debug|iPhoneSimulator.Deploy.0 = Debug|Any CPU
		{523A1F64-9A78-4746-82F1-0F03FBAD159C}.Release|Any CPU.ActiveCfg = Release|Any CPU
		{523A1F64-9A78-4746-82F1-0F03FBAD159C}.Release|Any CPU.Build.0 = Release|Any CPU
		{523A1F64-9A78-4746-82F1-0F03FBAD159C}.Release|Any CPU.Deploy.0 = Release|Any CPU
		{523A1F64-9A78-4746-82F1-0F03FBAD159C}.Release|iPhone.ActiveCfg = Release|Any CPU
		{523A1F64-9A78-4746-82F1-0F03FBAD159C}.Release|iPhone.Build.0 = Release|Any CPU
		{523A1F64-9A78-4746-82F1-0F03FBAD159C}.Release|iPhone.Deploy.0 = Release|Any CPU
		{523A1F64-9A78-4746-82F1-0F03FBAD159C}.Release|iPhoneSimulator.ActiveCfg = Release|Any CPU
		{523A1F64-9A78-4746-82F1-0F03FBAD159C}.Release|iPhoneSimulator.Build.0 = Release|Any CPU
		{523A1F64-9A78-4746-82F1-0F03FBAD159C}.Release|iPhoneSimulator.Deploy.0 = Release|Any CPU
	EndGlobalSection
	GlobalSection(SolutionProperties) = preSolution
		HideSolutionNode = FALSE
	EndGlobalSection
	GlobalSection(ExtensibilityGlobals) = postSolution
		SolutionGuid = {9773676B-2092-4F4A-96A3-322AC38A46B6}
	EndGlobalSection
EndGlobal
